
Microsoft Visual Studio Solution File, Format Version 12.00
# Visual Studio Version 17
VisualStudioVersion = 17.0.31903.59
MinimumVisualStudioVersion = 10.0.40219.1
Project("{FAE04EC0-301F-11D3-BF4B-00C04F79EFBC}") = "Arkad.Server", "Arkad.Server\Arkad.Server.csproj", "{88D7E339-C9F0-4524-ABDF-E58C39EDEF39}"
EndProject
Project("{FAE04EC0-301F-11D3-BF4B-00C04F79EFBC}") = "Arkad.Client", "Arkad.Client\Arkad.Client.csproj", "{FB0991AF-CACF-4052-BD74-B68A831CEBBB}"
EndProject
Project("{FAE04EC0-301F-11D3-BF4B-00C04F79EFBC}") = "Arkad.Shared", "Arkad.Shared\Arkad.Shared.csproj", "{2D4AA42C-45B5-4FCE-9017-4D181B66125F}"
EndProject
Global
	GlobalSection(SolutionConfigurationPlatforms) = preSolution
		Debug|Any CPU = Debug|Any CPU
		Release|Any CPU = Release|Any CPU
	EndGlobalSection
	GlobalSection(ProjectConfigurationPlatforms) = postSolution
		{88D7E339-C9F0-4524-ABDF-E58C39EDEF39}.Debug|Any CPU.ActiveCfg = Debug|Any CPU
		{88D7E339-C9F0-4524-ABDF-E58C39EDEF39}.Debug|Any CPU.Build.0 = Debug|Any CPU
		{88D7E339-C9F0-4524-ABDF-E58C39EDEF39}.Release|Any CPU.ActiveCfg = Release|Any CPU
		{88D7E339-C9F0-4524-ABDF-E58C39EDEF39}.Release|Any CPU.Build.0 = Release|Any CPU
		{FB0991AF-CACF-4052-BD74-B68A831CEBBB}.Debug|Any CPU.ActiveCfg = Debug|Any CPU
		{FB0991AF-CACF-4052-BD74-B68A831CEBBB}.Debug|Any CPU.Build.0 = Debug|Any CPU
		{FB0991AF-CACF-4052-BD74-B68A831CEBBB}.Release|Any CPU.ActiveCfg = Release|Any CPU
		{FB0991AF-CACF-4052-BD74-B68A831CEBBB}.Release|Any CPU.Build.0 = Release|Any CPU
		{2D4AA42C-45B5-4FCE-9017-4D181B66125F}.Debug|Any CPU.ActiveCfg = Debug|Any CPU
		{2D4AA42C-45B5-4FCE-9017-4D181B66125F}.Debug|Any CPU.Build.0 = Debug|Any CPU
		{2D4AA42C-45B5-4FCE-9017-4D181B66125F}.Release|Any CPU.ActiveCfg = Release|Any CPU
		{2D4AA42C-45B5-4FCE-9017-4D181B66125F}.Release|Any CPU.Build.0 = Release|Any CPU
	EndGlobalSection
	GlobalSection(SolutionProperties) = preSolution
		HideSolutionNode = FALSE
	EndGlobalSection
EndGlobal
